
Microsoft Visual Studio Solution File, Format Version 12.00
# Visual Studio 2013
VisualStudioVersion = 12.0.30723.0
MinimumVisualStudioVersion = 10.0.40219.1
Project("{FAE04EC0-301F-11D3-BF4B-00C04F79EFBC}") = "TheMallApiService", "TheMallApiService\TheMallApiService.csproj", "{A7B98710-86F4-430F-8724-259700140A36}"
EndProject
Project("{FAE04EC0-301F-11D3-BF4B-00C04F79EFBC}") = "TheMallPortal", "TheMallPortal\TheMallPortal.csproj", "{FF0213C6-8693-43DA-A4CB-A81030BD96F8}"
EndProject
Global
	GlobalSection(SolutionConfigurationPlatforms) = preSolution
		Debug|Any CPU = Debug|Any CPU
		Release|Any CPU = Release|Any CPU
	EndGlobalSection
	GlobalSection(ProjectConfigurationPlatforms) = postSolution
		{A7B98710-86F4-430F-8724-259700140A36}.Debug|Any CPU.ActiveCfg = Debug|Any CPU
		{A7B98710-86F4-430F-8724-259700140A36}.Debug|Any CPU.Build.0 = Debug|Any CPU
		{A7B98710-86F4-430F-8724-259700140A36}.Release|Any CPU.ActiveCfg = Release|Any CPU
		{A7B98710-86F4-430F-8724-259700140A36}.Release|Any CPU.Build.0 = Release|Any CPU
		{FF0213C6-8693-43DA-A4CB-A81030BD96F8}.Debug|Any CPU.ActiveCfg = Debug|Any CPU
		{FF0213C6-8693-43DA-A4CB-A81030BD96F8}.Debug|Any CPU.Build.0 = Debug|Any CPU
		{FF0213C6-8693-43DA-A4CB-A81030BD96F8}.Release|Any CPU.ActiveCfg = Release|Any CPU
		{FF0213C6-8693-43DA-A4CB-A81030BD96F8}.Release|Any CPU.Build.0 = Release|Any CPU
	EndGlobalSection
	GlobalSection(SolutionProperties) = preSolution
		HideSolutionNode = FALSE
	EndGlobalSection
EndGlobal
